// !$*UTF8*$!
{
	archiveVersion = 1;
	classes = {
	};
	objectVersion = 46;
	objects = {

/* Begin PBXBuildFile section */
		264141851E5DE96700700D39 /* main.m in Sources */ = {isa = PBXBuildFile; fileRef = 264141841E5DE96700700D39 /* main.m */; };
		264141881E5DE96700700D39 /* AppDelegate.m in Sources */ = {isa = PBXBuildFile; fileRef = 264141871E5DE96700700D39 /* AppDelegate.m */; };
		2641418B1E5DE96700700D39 /* ViewController.m in Sources */ = {isa = PBXBuildFile; fileRef = 2641418A1E5DE96700700D39 /* ViewController.m */; };
		2641418E1E5DE96800700D39 /* Main.storyboard in Resources */ = {isa = PBXBuildFile; fileRef = 2641418C1E5DE96800700D39 /* Main.storyboard */; };
		264141911E5DE96800700D39 /* BoundedBlockingQueueTest.xcdatamodeld in Sources */ = {isa = PBXBuildFile; fileRef = 2641418F1E5DE96800700D39 /* BoundedBlockingQueueTest.xcdatamodeld */; };
		264141931E5DE96800700D39 /* Assets.xcassets in Resources */ = {isa = PBXBuildFile; fileRef = 264141921E5DE96800700D39 /* Assets.xcassets */; };
		264141961E5DE96800700D39 /* LaunchScreen.storyboard in Resources */ = {isa = PBXBuildFile; fileRef = 264141941E5DE96800700D39 /* LaunchScreen.storyboard */; };
/* End PBXBuildFile section */

/* Begin PBXFileReference section */
		264141801E5DE96700700D39 /* BoundedBlockingQueueTest.app */ = {isa = PBXFileReference; explicitFileType = wrapper.application; includeInIndex = 0; path = BoundedBlockingQueueTest.app; sourceTree = BUILT_PRODUCTS_DIR; };
		264141841E5DE96700700D39 /* main.m */ = {isa = PBXFileReference; lastKnownFileType = sourcecode.c.objc; path = main.m; sourceTree = "<group>"; };
		264141861E5DE96700700D39 /* AppDelegate.h */ = {isa = PBXFileReference; lastKnownFileType = sourcecode.c.h; path = AppDelegate.h; sourceTree = "<group>"; };
		264141871E5DE96700700D39 /* AppDelegate.m */ = {isa = PBXFileReference; lastKnownFileType = sourcecode.c.objc; path = AppDelegate.m; sourceTree = "<group>"; };
		264141891E5DE96700700D39 /* ViewController.h */ = {isa = PBXFileReference; lastKnownFileType = sourcecode.c.h; path = ViewController.h; sourceTree = "<group>"; };
		2641418A1E5DE96700700D39 /* ViewController.m */ = {isa = PBXFileReference; lastKnownFileType = sourcecode.c.objc; path = ViewController.m; sourceTree = "<group>"; };
		2641418D1E5DE96800700D39 /* Base */ = {isa = PBXFileReference; lastKnownFileType = file.storyboard; name = Base; path = Base.lproj/Main.storyboard; sourceTree = "<group>"; };
		264141901E5DE96800700D39 /* BoundedBlockingQueueTest.xcdatamodel */ = {isa = PBXFileReference; lastKnownFileType = wrapper.xcdatamodel; path = BoundedBlockingQueueTest.xcdatamodel; sourceTree = "<group>"; };
		264141921E5DE96800700D39 /* Assets.xcassets */ = {isa = PBXFileReference; lastKnownFileType = folder.assetcatalog; path = Assets.xcassets; sourceTree = "<group>"; };
		264141951E5DE96800700D39 /* Base */ = {isa = PBXFileReference; lastKnownFileType = file.storyboard; name = Base; path = Base.lproj/LaunchScreen.storyboard; sourceTree = "<group>"; };
		264141971E5DE96800700D39 /* Info.plist */ = {isa = PBXFileReference; lastKnownFileType = text.plist.xml; path = Info.plist; sourceTree = "<group>"; };
/* End PBXFileReference section */

/* Begin PBXFrameworksBuildPhase section */
		2641417D1E5DE96700700D39 /* Frameworks */ = {
			isa = PBXFrameworksBuildPhase;
			buildActionMask = 2147483647;
			files = (
			);
			runOnlyForDeploymentPostprocessing = 0;
		};
/* End PBXFrameworksBuildPhase section */

/* Begin PBXGroup section */
		264141771E5DE96700700D39 = {
			isa = PBXGroup;
			children = (
				264141821E5DE96700700D39 /* BoundedBlockingQueueTest */,
				264141811E5DE96700700D39 /* Products */,
			);
			sourceTree = "<group>";
		};
		264141811E5DE96700700D39 /* Products */ = {
			isa = PBXGroup;
			children = (
				264141801E5DE96700700D39 /* BoundedBlockingQueueTest.app */,
			);
			name = Products;
			sourceTree = "<group>";
		};
		264141821E5DE96700700D39 /* BoundedBlockingQueueTest */ = {
			isa = PBXGroup;
			children = (
				264141861E5DE96700700D39 /* AppDelegate.h */,
				264141871E5DE96700700D39 /* AppDelegate.m */,
				264141891E5DE96700700D39 /* ViewController.h */,
				2641418A1E5DE96700700D39 /* ViewController.m */,
				2641418C1E5DE96800700D39 /* Main.storyboard */,
				264141921E5DE96800700D39 /* Assets.xcassets */,
				264141941E5DE96800700D39 /* LaunchScreen.storyboard */,
				264141971E5DE96800700D39 /* Info.plist */,
				2641418F1E5DE96800700D39 /* BoundedBlockingQueueTest.xcdatamodeld */,
				264141831E5DE96700700D39 /* Supporting Files */,
			);
			path = BoundedBlockingQueueTest;
			sourceTree = "<group>";
		};
		264141831E5DE96700700D39 /* Supporting Files */ = {
			isa = PBXGroup;
			children = (
				264141841E5DE96700700D39 /* main.m */,
			);
			name = "Supporting Files";
			sourceTree = "<group>";
		};
/* End PBXGroup section */

/* Begin PBXNativeTarget section */
		2641417F1E5DE96700700D39 /* BoundedBlockingQueueTest */ = {
			isa = PBXNativeTarget;
			buildConfigurationList = 2641419A1E5DE96800700D39 /* Build configuration list for PBXNativeTarget "BoundedBlockingQueueTest" */;
			buildPhases = (
				2641417C1E5DE96700700D39 /* Sources */,
				2641417D1E5DE96700700D39 /* Frameworks */,
				2641417E1E5DE96700700D39 /* Resources */,
			);
			buildRules = (
			);
			dependencies = (
			);
			name = BoundedBlockingQueueTest;
			productName = BoundedBlockingQueueTest;
			productReference = 264141801E5DE96700700D39 /* BoundedBlockingQueueTest.app */;
			productType = "com.apple.product-type.application";
		};
/* End PBXNativeTarget section */

/* Begin PBXProject section */
		264141781E5DE96700700D39 /* Project object */ = {
			isa = PBXProject;
			attributes = {
				LastUpgradeCheck = 0820;
				ORGANIZATIONNAME = "Grzegorz Aperlinski";
				TargetAttributes = {
					2641417F1E5DE96700700D39 = {
						CreatedOnToolsVersion = 8.2.1;
						DevelopmentTeam = 75HR7BVDZ7;
						ProvisioningStyle = Automatic;
					};
				};
			};
			buildConfigurationList = 2641417B1E5DE96700700D39 /* Build configuration list for PBXProject "BoundedBlockingQueueTest" */;
			compatibilityVersion = "Xcode 3.2";
			developmentRegion = English;
			hasScannedForEncodings = 0;
			knownRegions = (
				en,
				Base,
			);
			mainGroup = 264141771E5DE96700700D39;
			productRefGroup = 264141811E5DE96700700D39 /* Products */;
			projectDirPath = "";
			projectRoot = "";
			targets = (
				2641417F1E5DE96700700D39 /* BoundedBlockingQueueTest */,
			);
		};
/* End PBXProject section */

/* Begin PBXResourcesBuildPhase section */
		2641417E1E5DE96700700D39 /* Resources */ = {
			isa = PBXResourcesBuildPhase;
			buildActionMask = 2147483647;
			files = (
				264141961E5DE96800700D39 /* LaunchScreen.storyboard in Resources */,
				264141931E5DE96800700D39 /* Assets.xcassets in Resources */,
				2641418E1E5DE96800700D39 /* Main.storyboard in Resources */,
			);
			runOnlyForDeploymentPostprocessing = 0;
		};
/* End PBXResourcesBuildPhase section */

/* Begin PBXSourcesBuildPhase section */
		2641417C1E5DE96700700D39 /* Sources */ = {
			isa = PBXSourcesBuildPhase;
			buildActionMask = 2147483647;
			files = (
				264141911E5DE96800700D39 /* BoundedBlockingQueueTest.xcdatamodeld in Sources */,
				2641418B1E5DE96700700D39 /* ViewController.m in Sources */,
				264141881E5DE96700700D39 /* AppDelegate.m in Sources */,
				264141851E5DE96700700D39 /* main.m in Sources */,
			);
			runOnlyForDeploymentPostprocessing = 0;
		};
/* End PBXSourcesBuildPhase section */

/* Begin PBXVariantGroup section */
		2641418C1E5DE96800700D39 /* Main.storyboard */ = {
			isa = PBXVariantGroup;
			children = (
				2641418D1E5DE96800700D39 /* Base */,
			);
			name = Main.storyboard;
			sourceTree = "<group>";
		};
		264141941E5DE96800700D39 /* LaunchScreen.storyboard */ = {
			isa = PBXVariantGroup;
			children = (
				264141951E5DE96800700D39 /* Base */,
			);
			name = LaunchScreen.storyboard;
			sourceTree = "<group>";
		};
/* End PBXVariantGroup section */

/* Begin XCBuildConfiguration section */
		264141981E5DE96800700D39 /* Debug */ = {
			isa = XCBuildConfiguration;
			buildSettings = {
				ALWAYS_SEARCH_USER_PATHS = NO;
				CLANG_ANALYZER_NONNULL = YES;
				CLANG_CXX_LANGUAGE_STANDARD = "gnu++0x";
				CLANG_CXX_LIBRARY = "libc++";
				CLANG_ENABLE_MODULES = YES;
				CLANG_ENABLE_OBJC_ARC = YES;
				CLANG_WARN_BOOL_CONVERSION = YES;
				CLANG_WARN_CONSTANT_CONVERSION = YES;
				CLANG_WARN_DIRECT_OBJC_ISA_USAGE = YES_ERROR;
				CLANG_WARN_DOCUMENTATION_COMMENTS = YES;
				CLANG_WARN_EMPTY_BODY = YES;
				CLANG_WARN_ENUM_CONVERSION = YES;
				CLANG_WARN_INFINITE_RECURSION = YES;
				CLANG_WARN_INT_CONVERSION = YES;
				CLANG_WARN_OBJC_ROOT_CLASS = YES_ERROR;
				CLANG_WARN_SUSPICIOUS_MOVE = YES;
				CLANG_WARN_UNREACHABLE_CODE = YES;
				CLANG_WARN__DUPLICATE_METHOD_MATCH = YES;
				"CODE_SIGN_IDENTITY[sdk=iphoneos*]" = "iPhone Developer";
				COPY_PHASE_STRIP = NO;
				DEBUG_INFORMATION_FORMAT = dwarf;
				ENABLE_STRICT_OBJC_MSGSEND = YES;
				ENABLE_TESTABILITY = YES;
				GCC_C_LANGUAGE_STANDARD = gnu99;
				GCC_DYNAMIC_NO_PIC = NO;
				GCC_NO_COMMON_BLOCKS = YES;
				GCC_OPTIMIZATION_LEVEL = 0;
				GCC_PREPROCESSOR_DEFINITIONS = (
					"DEBUG=1",
					"$(inherited)",
				);
				GCC_WARN_64_TO_32_BIT_CONVERSION = YES;
				GCC_WARN_ABOUT_RETURN_TYPE = YES_ERROR;
				GCC_WARN_UNDECLARED_SELECTOR = YES;
				GCC_WARN_UNINITIALIZED_AUTOS = YES_AGGRESSIVE;
				GCC_WARN_UNUSED_FUNCTION = YES;
				GCC_WARN_UNUSED_VARIABLE = YES;
				IPHONEOS_DEPLOYMENT_TARGET = 10.2;
				MTL_ENABLE_DEBUG_INFO = YES;
				ONLY_ACTIVE_ARCH = YES;
				SDKROOT = iphoneos;
				TARGETED_DEVICE_FAMILY = "1,2";
			};
			name = Debug;
		};
		264141991E5DE96800700D39 /* Release */ = {
			isa = XCBuildConfiguration;
			buildSettings = {
				ALWAYS_SEARCH_USER_PATHS = NO;
				CLANG_ANALYZER_NONNULL = YES;
				CLANG_CXX_LANGUAGE_STANDARD = "gnu++0x";
				CLANG_CXX_LIBRARY = "libc++";
				CLANG_ENABLE_MODULES = YES;
				CLANG_ENABLE_OBJC_ARC = YES;
				CLANG_WARN_BOOL_CONVERSION = YES;
				CLANG_WARN_CONSTANT_CONVERSION = YES;
				CLANG_WARN_DIRECT_OBJC_ISA_USAGE = YES_ERROR;
				CLANG_WARN_DOCUMENTATION_COMMENTS = YES;
				CLANG_WARN_EMPTY_BODY = YES;
				CLANG_WARN_ENUM_CONVERSION = YES;
				CLANG_WARN_INFINITE_RECURSION = YES;
				CLANG_WARN_INT_CONVERSION = YES;
				CLANG_WARN_OBJC_ROOT_CLASS = YES_ERROR;
				CLANG_WARN_SUSPICIOUS_MOVE = YES;
				CLANG_WARN_UNREACHABLE_CODE = YES;
				CLANG_WARN__DUPLICATE_METHOD_MATCH = YES;
				"CODE_SIGN_IDENTITY[sdk=iphoneos*]" = "iPhone Developer";
				COPY_PHASE_STRIP = NO;
				DEBUG_INFORMATION_FORMAT = "dwarf-with-dsym";
				ENABLE_NS_ASSERTIONS = NO;
				ENABLE_STRICT_OBJC_MSGSEND = YES;
				GCC_C_LANGUAGE_STANDARD = gnu99;
				GCC_NO_COMMON_BLOCKS = YES;
				GCC_WARN_64_TO_32_BIT_CONVERSION = YES;
				GCC_WARN_ABOUT_RETURN_TYPE = YES_ERROR;
				GCC_WARN_UNDECLARED_SELECTOR = YES;
				GCC_WARN_UNINITIALIZED_AUTOS = YES_AGGRESSIVE;
				GCC_WARN_UNUSED_FUNCTION = YES;
				GCC_WARN_UNUSED_VARIABLE = YES;
				IPHONEOS_DEPLOYMENT_TARGET = 10.2;
				MTL_ENABLE_DEBUG_INFO = NO;
				SDKROOT = iphoneos;
				TARGETED_DEVICE_FAMILY = "1,2";
				VALIDATE_PRODUCT = YES;
			};
			name = Release;
		};
		2641419B1E5DE96800700D39 /* Debug */ = {
			isa = XCBuildConfiguration;
			buildSettings = {
				ASSETCATALOG_COMPILER_APPICON_NAME = AppIcon;
				DEVELOPMENT_TEAM = 75HR7BVDZ7;
				INFOPLIST_FILE = BoundedBlockingQueueTest/Info.plist;
				LD_RUNPATH_SEARCH_PATHS = "$(inherited) @executable_path/Frameworks";
				PRODUCT_BUNDLE_IDENTIFIER = pl.apper.BoundedBlockingQueueTest;
				PRODUCT_NAME = "$(TARGET_NAME)";
			};
			name = Debug;
		};
		2641419C1E5DE96800700D39 /* Release */ = {
			isa = XCBuildConfiguration;
			buildSettings = {
				ASSETCATALOG_COMPILER_APPICON_NAME = AppIcon;
				DEVELOPMENT_TEAM = 75HR7BVDZ7;
				INFOPLIST_FILE = BoundedBlockingQueueTest/Info.plist;
				LD_RUNPATH_SEARCH_PATHS = "$(inherited) @executable_path/Frameworks";
				PRODUCT_BUNDLE_IDENTIFIER = pl.apper.BoundedBlockingQueueTest;
				PRODUCT_NAME = "$(TARGET_NAME)";
			};
			name = Release;
		};
/* End XCBuildConfiguration section */

/* Begin XCConfigurationList section */
		2641417B1E5DE96700700D39 /* Build configuration list for PBXProject "BoundedBlockingQueueTest" */ = {
			isa = XCConfigurationList;
			buildConfigurations = (
				264141981E5DE96800700D39 /* Debug */,
				264141991E5DE96800700D39 /* Release */,
			);
			defaultConfigurationIsVisible = 0;
			defaultConfigurationName = Release;
		};
		2641419A1E5DE96800700D39 /* Build configuration list for PBXNativeTarget "BoundedBlockingQueueTest" */ = {
			isa = XCConfigurationList;
			buildConfigurations = (
				2641419B1E5DE96800700D39 /* Debug */,
				2641419C1E5DE96800700D39 /* Release */,
			);
			defaultConfigurationIsVisible = 0;
		};
/* End XCConfigurationList section */

/* Begin XCVersionGroup section */
		2641418F1E5DE96800700D39 /* BoundedBlockingQueueTest.xcdatamodeld */ = {
			isa = XCVersionGroup;
			children = (
				264141901E5DE96800700D39 /* BoundedBlockingQueueTest.xcdatamodel */,
			);
			currentVersion = 264141901E5DE96800700D39 /* BoundedBlockingQueueTest.xcdatamodel */;
			path = BoundedBlockingQueueTest.xcdatamodeld;
			sourceTree = "<group>";
			versionGroupType = wrapper.xcdatamodel;
		};
/* End XCVersionGroup section */
	};
	rootObject = 264141781E5DE96700700D39 /* Project object */;
}
